
Microsoft Visual Studio Solution File, Format Version 12.00
# Visual Studio Version 16
VisualStudioVersion = 16.0.31321.278
MinimumVisualStudioVersion = 10.0.40219.1
Project("{FAE04EC0-301F-11D3-BF4B-00C04F79EFBC}") = "Traning", "Traning\Traning.csproj", "{43BCCF1D-E0D5-4E8D-A4EA-AC9ED2EDF5D1}"
EndProject
Global
	GlobalSection(SolutionConfigurationPlatforms) = preSolution
		Debug|Any CPU = Debug|Any CPU
		Release|Any CPU = Release|Any CPU
	EndGlobalSection
	GlobalSection(ProjectConfigurationPlatforms) = postSolution
		{43BCCF1D-E0D5-4E8D-A4EA-AC9ED2EDF5D1}.Debug|Any CPU.ActiveCfg = Debug|Any CPU
		{43BCCF1D-E0D5-4E8D-A4EA-AC9ED2EDF5D1}.Debug|Any CPU.Build.0 = Debug|Any CPU
		{43BCCF1D-E0D5-4E8D-A4EA-AC9ED2EDF5D1}.Release|Any CPU.ActiveCfg = Release|Any CPU
		{43BCCF1D-E0D5-4E8D-A4EA-AC9ED2EDF5D1}.Release|Any CPU.Build.0 = Release|Any CPU
	EndGlobalSection
	GlobalSection(SolutionProperties) = preSolution
		HideSolutionNode = FALSE
	EndGlobalSection
	GlobalSection(ExtensibilityGlobals) = postSolution
		SolutionGuid = {70D9582A-9883-4CA9-B3EF-2F4D611D5D9D}
	EndGlobalSection
EndGlobal
